// !$*UTF8*$!
{
	archiveVersion = 1;
	classes = {
	};
	objectVersion = 56;
	objects = {

/* Begin PBXBuildFile section */
		3A0412F829F8C51A00BBBD62 /* FirebaseChatSwiftUIApp.swift in Sources */ = {isa = PBXBuildFile; fileRef = 3A0412F729F8C51A00BBBD62 /* FirebaseChatSwiftUIApp.swift */; };
		3A0412FA29F8C51A00BBBD62 /* LoginView.swift in Sources */ = {isa = PBXBuildFile; fileRef = 3A0412F929F8C51A00BBBD62 /* LoginView.swift */; };
		3A0412FC29F8C51C00BBBD62 /* Assets.xcassets in Resources */ = {isa = PBXBuildFile; fileRef = 3A0412FB29F8C51C00BBBD62 /* Assets.xcassets */; };
		3A0412FF29F8C51C00BBBD62 /* Preview Assets.xcassets in Resources */ = {isa = PBXBuildFile; fileRef = 3A0412FE29F8C51C00BBBD62 /* Preview Assets.xcassets */; };
		3AAF98A529FF186100EB400D /* FirebaseAuth in Frameworks */ = {isa = PBXBuildFile; productRef = 3AAF98A429FF186100EB400D /* FirebaseAuth */; };
		3AAF98A729FF186100EB400D /* FirebaseStorage in Frameworks */ = {isa = PBXBuildFile; productRef = 3AAF98A629FF186100EB400D /* FirebaseStorage */; };
		3AAF98A929FF2E9F00EB400D /* GoogleService-Info.plist in Resources */ = {isa = PBXBuildFile; fileRef = 3AAF98A829FF2E9F00EB400D /* GoogleService-Info.plist */; };
		3AAF98AB29FF31FC00EB400D /* FirebaseLoginViewModel.swift in Sources */ = {isa = PBXBuildFile; fileRef = 3AAF98AA29FF31FC00EB400D /* FirebaseLoginViewModel.swift */; };
		3AAF98AD29FF320900EB400D /* LoginViewModel.swift in Sources */ = {isa = PBXBuildFile; fileRef = 3AAF98AC29FF320900EB400D /* LoginViewModel.swift */; };
		3AAF98AF29FF7BE900EB400D /* ChatUser.swift in Sources */ = {isa = PBXBuildFile; fileRef = 3AAF98AE29FF7BE900EB400D /* ChatUser.swift */; };
/* End PBXBuildFile section */

/* Begin PBXFileReference section */
		3A0412F429F8C51A00BBBD62 /* FirebaseChatSwiftUI.app */ = {isa = PBXFileReference; explicitFileType = wrapper.application; includeInIndex = 0; path = FirebaseChatSwiftUI.app; sourceTree = BUILT_PRODUCTS_DIR; };
		3A0412F729F8C51A00BBBD62 /* FirebaseChatSwiftUIApp.swift */ = {isa = PBXFileReference; lastKnownFileType = sourcecode.swift; path = FirebaseChatSwiftUIApp.swift; sourceTree = "<group>"; };
		3A0412F929F8C51A00BBBD62 /* LoginView.swift */ = {isa = PBXFileReference; lastKnownFileType = sourcecode.swift; path = LoginView.swift; sourceTree = "<group>"; };
		3A0412FB29F8C51C00BBBD62 /* Assets.xcassets */ = {isa = PBXFileReference; lastKnownFileType = folder.assetcatalog; path = Assets.xcassets; sourceTree = "<group>"; };
		3A0412FE29F8C51C00BBBD62 /* Preview Assets.xcassets */ = {isa = PBXFileReference; lastKnownFileType = folder.assetcatalog; path = "Preview Assets.xcassets"; sourceTree = "<group>"; };
		3AAF98A829FF2E9F00EB400D /* GoogleService-Info.plist */ = {isa = PBXFileReference; fileEncoding = 4; lastKnownFileType = text.plist.xml; path = "GoogleService-Info.plist"; sourceTree = "<group>"; };
		3AAF98AA29FF31FC00EB400D /* FirebaseLoginViewModel.swift */ = {isa = PBXFileReference; lastKnownFileType = sourcecode.swift; path = FirebaseLoginViewModel.swift; sourceTree = "<group>"; };
		3AAF98AC29FF320900EB400D /* LoginViewModel.swift */ = {isa = PBXFileReference; lastKnownFileType = sourcecode.swift; path = LoginViewModel.swift; sourceTree = "<group>"; };
		3AAF98AE29FF7BE900EB400D /* ChatUser.swift */ = {isa = PBXFileReference; lastKnownFileType = sourcecode.swift; path = ChatUser.swift; sourceTree = "<group>"; };
/* End PBXFileReference section */

/* Begin PBXFrameworksBuildPhase section */
		3A0412F129F8C51A00BBBD62 /* Frameworks */ = {
			isa = PBXFrameworksBuildPhase;
			buildActionMask = 2147483647;
			files = (
				3AAF98A529FF186100EB400D /* FirebaseAuth in Frameworks */,
				3AAF98A729FF186100EB400D /* FirebaseStorage in Frameworks */,
			);
			runOnlyForDeploymentPostprocessing = 0;
		};
/* End PBXFrameworksBuildPhase section */

/* Begin PBXGroup section */
		3A0412EB29F8C51A00BBBD62 = {
			isa = PBXGroup;
			children = (
				3A0412F629F8C51A00BBBD62 /* FirebaseChatSwiftUI */,
				3A0412F529F8C51A00BBBD62 /* Products */,
			);
			sourceTree = "<group>";
		};
		3A0412F529F8C51A00BBBD62 /* Products */ = {
			isa = PBXGroup;
			children = (
				3A0412F429F8C51A00BBBD62 /* FirebaseChatSwiftUI.app */,
			);
			name = Products;
			sourceTree = "<group>";
		};
		3A0412F629F8C51A00BBBD62 /* FirebaseChatSwiftUI */ = {
			isa = PBXGroup;
			children = (
				3A0412F729F8C51A00BBBD62 /* FirebaseChatSwiftUIApp.swift */,
				3A0412F929F8C51A00BBBD62 /* LoginView.swift */,
				3AAF98A829FF2E9F00EB400D /* GoogleService-Info.plist */,
				3A0412FB29F8C51C00BBBD62 /* Assets.xcassets */,
				3A0412FD29F8C51C00BBBD62 /* Preview Content */,
				3AAF98AA29FF31FC00EB400D /* FirebaseLoginViewModel.swift */,
				3AAF98AC29FF320900EB400D /* LoginViewModel.swift */,
				3AAF98AE29FF7BE900EB400D /* ChatUser.swift */,
			);
			path = FirebaseChatSwiftUI;
			sourceTree = "<group>";
		};
		3A0412FD29F8C51C00BBBD62 /* Preview Content */ = {
			isa = PBXGroup;
			children = (
				3A0412FE29F8C51C00BBBD62 /* Preview Assets.xcassets */,
			);
			path = "Preview Content";
			sourceTree = "<group>";
		};
/* End PBXGroup section */

/* Begin PBXNativeTarget section */
		3A0412F329F8C51A00BBBD62 /* FirebaseChatSwiftUI */ = {
			isa = PBXNativeTarget;
			buildConfigurationList = 3A04130229F8C51C00BBBD62 /* Build configuration list for PBXNativeTarget "FirebaseChatSwiftUI" */;
			buildPhases = (
				3A0412F029F8C51A00BBBD62 /* Sources */,
				3A0412F129F8C51A00BBBD62 /* Frameworks */,
				3A0412F229F8C51A00BBBD62 /* Resources */,
			);
			buildRules = (
			);
			dependencies = (
			);
			name = FirebaseChatSwiftUI;
			packageProductDependencies = (
				3AAF98A429FF186100EB400D /* FirebaseAuth */,
				3AAF98A629FF186100EB400D /* FirebaseStorage */,
			);
			productName = FirebaseChatSwiftUI;
			productReference = 3A0412F429F8C51A00BBBD62 /* FirebaseChatSwiftUI.app */;
			productType = "com.apple.product-type.application";
		};
/* End PBXNativeTarget section */

/* Begin PBXProject section */
		3A0412EC29F8C51A00BBBD62 /* Project object */ = {
			isa = PBXProject;
			attributes = {
				BuildIndependentTargetsInParallel = 1;
				LastSwiftUpdateCheck = 1420;
				LastUpgradeCheck = 1420;
				TargetAttributes = {
					3A0412F329F8C51A00BBBD62 = {
						CreatedOnToolsVersion = 14.2;
					};
				};
			};
			buildConfigurationList = 3A0412EF29F8C51A00BBBD62 /* Build configuration list for PBXProject "FirebaseChatSwiftUI" */;
			compatibilityVersion = "Xcode 14.0";
			developmentRegion = en;
			hasScannedForEncodings = 0;
			knownRegions = (
				en,
				Base,
			);
			mainGroup = 3A0412EB29F8C51A00BBBD62;
			packageReferences = (
				3AAF98A329FF186100EB400D /* XCRemoteSwiftPackageReference "firebase-ios-sdk" */,
			);
			productRefGroup = 3A0412F529F8C51A00BBBD62 /* Products */;
			projectDirPath = "";
			projectRoot = "";
			targets = (
				3A0412F329F8C51A00BBBD62 /* FirebaseChatSwiftUI */,
			);
		};
/* End PBXProject section */

/* Begin PBXResourcesBuildPhase section */
		3A0412F229F8C51A00BBBD62 /* Resources */ = {
			isa = PBXResourcesBuildPhase;
			buildActionMask = 2147483647;
			files = (
				3A0412FF29F8C51C00BBBD62 /* Preview Assets.xcassets in Resources */,
				3A0412FC29F8C51C00BBBD62 /* Assets.xcassets in Resources */,
				3AAF98A929FF2E9F00EB400D /* GoogleService-Info.plist in Resources */,
			);
			runOnlyForDeploymentPostprocessing = 0;
		};
/* End PBXResourcesBuildPhase section */

/* Begin PBXSourcesBuildPhase section */
		3A0412F029F8C51A00BBBD62 /* Sources */ = {
			isa = PBXSourcesBuildPhase;
			buildActionMask = 2147483647;
			files = (
				3A0412FA29F8C51A00BBBD62 /* LoginView.swift in Sources */,
				3A0412F829F8C51A00BBBD62 /* FirebaseChatSwiftUIApp.swift in Sources */,
				3AAF98AD29FF320900EB400D /* LoginViewModel.swift in Sources */,
				3AAF98AF29FF7BE900EB400D /* ChatUser.swift in Sources */,
				3AAF98AB29FF31FC00EB400D /* FirebaseLoginViewModel.swift in Sources */,
			);
			runOnlyForDeploymentPostprocessing = 0;
		};
/* End PBXSourcesBuildPhase section */

/* Begin XCBuildConfiguration section */
		3A04130029F8C51C00BBBD62 /* Debug */ = {
			isa = XCBuildConfiguration;
			buildSettings = {
				ALWAYS_SEARCH_USER_PATHS = NO;
				CLANG_ANALYZER_NONNULL = YES;
				CLANG_ANALYZER_NUMBER_OBJECT_CONVERSION = YES_AGGRESSIVE;
				CLANG_CXX_LANGUAGE_STANDARD = "gnu++20";
				CLANG_ENABLE_MODULES = YES;
				CLANG_ENABLE_OBJC_ARC = YES;
				CLANG_ENABLE_OBJC_WEAK = YES;
				CLANG_WARN_BLOCK_CAPTURE_AUTORELEASING = YES;
				CLANG_WARN_BOOL_CONVERSION = YES;
				CLANG_WARN_COMMA = YES;
				CLANG_WARN_CONSTANT_CONVERSION = YES;
				CLANG_WARN_DEPRECATED_OBJC_IMPLEMENTATIONS = YES;
				CLANG_WARN_DIRECT_OBJC_ISA_USAGE = YES_ERROR;
				CLANG_WARN_DOCUMENTATION_COMMENTS = YES;
				CLANG_WARN_EMPTY_BODY = YES;
				CLANG_WARN_ENUM_CONVERSION = YES;
				CLANG_WARN_INFINITE_RECURSION = YES;
				CLANG_WARN_INT_CONVERSION = YES;
				CLANG_WARN_NON_LITERAL_NULL_CONVERSION = YES;
				CLANG_WARN_OBJC_IMPLICIT_RETAIN_SELF = YES;
				CLANG_WARN_OBJC_LITERAL_CONVERSION = YES;
				CLANG_WARN_OBJC_ROOT_CLASS = YES_ERROR;
				CLANG_WARN_QUOTED_INCLUDE_IN_FRAMEWORK_HEADER = YES;
				CLANG_WARN_RANGE_LOOP_ANALYSIS = YES;
				CLANG_WARN_STRICT_PROTOTYPES = YES;
				CLANG_WARN_SUSPICIOUS_MOVE = YES;
				CLANG_WARN_UNGUARDED_AVAILABILITY = YES_AGGRESSIVE;
				CLANG_WARN_UNREACHABLE_CODE = YES;
				CLANG_WARN__DUPLICATE_METHOD_MATCH = YES;
				COPY_PHASE_STRIP = NO;
				DEBUG_INFORMATION_FORMAT = dwarf;
				ENABLE_STRICT_OBJC_MSGSEND = YES;
				ENABLE_TESTABILITY = YES;
				GCC_C_LANGUAGE_STANDARD = gnu11;
				GCC_DYNAMIC_NO_PIC = NO;
				GCC_NO_COMMON_BLOCKS = YES;
				GCC_OPTIMIZATION_LEVEL = 0;
				GCC_PREPROCESSOR_DEFINITIONS = (
					"DEBUG=1",
					"$(inherited)",
				);
				GCC_WARN_64_TO_32_BIT_CONVERSION = YES;
				GCC_WARN_ABOUT_RETURN_TYPE = YES_ERROR;
				GCC_WARN_UNDECLARED_SELECTOR = YES;
				GCC_WARN_UNINITIALIZED_AUTOS = YES_AGGRESSIVE;
				GCC_WARN_UNUSED_FUNCTION = YES;
				GCC_WARN_UNUSED_VARIABLE = YES;
				IPHONEOS_DEPLOYMENT_TARGET = 16.2;
				MTL_ENABLE_DEBUG_INFO = INCLUDE_SOURCE;
				MTL_FAST_MATH = YES;
				ONLY_ACTIVE_ARCH = YES;
				SDKROOT = iphoneos;
				SWIFT_ACTIVE_COMPILATION_CONDITIONS = DEBUG;
				SWIFT_OPTIMIZATION_LEVEL = "-Onone";
			};
			name = Debug;
		};
		3A04130129F8C51C00BBBD62 /* Release */ = {
			isa = XCBuildConfiguration;
			buildSettings = {
				ALWAYS_SEARCH_USER_PATHS = NO;
				CLANG_ANALYZER_NONNULL = YES;
				CLANG_ANALYZER_NUMBER_OBJECT_CONVERSION = YES_AGGRESSIVE;
				CLANG_CXX_LANGUAGE_STANDARD = "gnu++20";
				CLANG_ENABLE_MODULES = YES;
				CLANG_ENABLE_OBJC_ARC = YES;
				CLANG_ENABLE_OBJC_WEAK = YES;
				CLANG_WARN_BLOCK_CAPTURE_AUTORELEASING = YES;
				CLANG_WARN_BOOL_CONVERSION = YES;
				CLANG_WARN_COMMA = YES;
				CLANG_WARN_CONSTANT_CONVERSION = YES;
				CLANG_WARN_DEPRECATED_OBJC_IMPLEMENTATIONS = YES;
				CLANG_WARN_DIRECT_OBJC_ISA_USAGE = YES_ERROR;
				CLANG_WARN_DOCUMENTATION_COMMENTS = YES;
				CLANG_WARN_EMPTY_BODY = YES;
				CLANG_WARN_ENUM_CONVERSION = YES;
				CLANG_WARN_INFINITE_RECURSION = YES;
				CLANG_WARN_INT_CONVERSION = YES;
				CLANG_WARN_NON_LITERAL_NULL_CONVERSION = YES;
				CLANG_WARN_OBJC_IMPLICIT_RETAIN_SELF = YES;
				CLANG_WARN_OBJC_LITERAL_CONVERSION = YES;
				CLANG_WARN_OBJC_ROOT_CLASS = YES_ERROR;
				CLANG_WARN_QUOTED_INCLUDE_IN_FRAMEWORK_HEADER = YES;
				CLANG_WARN_RANGE_LOOP_ANALYSIS = YES;
				CLANG_WARN_STRICT_PROTOTYPES = YES;
				CLANG_WARN_SUSPICIOUS_MOVE = YES;
				CLANG_WARN_UNGUARDED_AVAILABILITY = YES_AGGRESSIVE;
				CLANG_WARN_UNREACHABLE_CODE = YES;
				CLANG_WARN__DUPLICATE_METHOD_MATCH = YES;
				COPY_PHASE_STRIP = NO;
				DEBUG_INFORMATION_FORMAT = "dwarf-with-dsym";
				ENABLE_NS_ASSERTIONS = NO;
				ENABLE_STRICT_OBJC_MSGSEND = YES;
				GCC_C_LANGUAGE_STANDARD = gnu11;
				GCC_NO_COMMON_BLOCKS = YES;
				GCC_WARN_64_TO_32_BIT_CONVERSION = YES;
				GCC_WARN_ABOUT_RETURN_TYPE = YES_ERROR;
				GCC_WARN_UNDECLARED_SELECTOR = YES;
				GCC_WARN_UNINITIALIZED_AUTOS = YES_AGGRESSIVE;
				GCC_WARN_UNUSED_FUNCTION = YES;
				GCC_WARN_UNUSED_VARIABLE = YES;
				IPHONEOS_DEPLOYMENT_TARGET = 16.2;
				MTL_ENABLE_DEBUG_INFO = NO;
				MTL_FAST_MATH = YES;
				SDKROOT = iphoneos;
				SWIFT_COMPILATION_MODE = wholemodule;
				SWIFT_OPTIMIZATION_LEVEL = "-O";
				VALIDATE_PRODUCT = YES;
			};
			name = Release;
		};
		3A04130329F8C51C00BBBD62 /* Debug */ = {
			isa = XCBuildConfiguration;
			buildSettings = {
				ASSETCATALOG_COMPILER_APPICON_NAME = AppIcon;
				ASSETCATALOG_COMPILER_GLOBAL_ACCENT_COLOR_NAME = AccentColor;
				CODE_SIGN_STYLE = Automatic;
				CURRENT_PROJECT_VERSION = 1;
				DEVELOPMENT_ASSET_PATHS = "\"FirebaseChatSwiftUI/Preview Content\"";
				DEVELOPMENT_TEAM = KCY8Z5247K;
				ENABLE_PREVIEWS = YES;
				GENERATE_INFOPLIST_FILE = YES;
				INFOPLIST_KEY_UIApplicationSceneManifest_Generation = YES;
				INFOPLIST_KEY_UIApplicationSupportsIndirectInputEvents = YES;
				INFOPLIST_KEY_UILaunchScreen_Generation = YES;
				INFOPLIST_KEY_UISupportedInterfaceOrientations_iPad = "UIInterfaceOrientationPortrait UIInterfaceOrientationPortraitUpsideDown UIInterfaceOrientationLandscapeLeft UIInterfaceOrientationLandscapeRight";
				INFOPLIST_KEY_UISupportedInterfaceOrientations_iPhone = "UIInterfaceOrientationPortrait UIInterfaceOrientationLandscapeLeft UIInterfaceOrientationLandscapeRight";
				LD_RUNPATH_SEARCH_PATHS = (
					"$(inherited)",
					"@executable_path/Frameworks",
				);
				MARKETING_VERSION = 1.0;
				PRODUCT_BUNDLE_IDENTIFIER = com.paulorod07.FirebaseChatSwiftUI;
				PRODUCT_NAME = "$(TARGET_NAME)";
				SWIFT_EMIT_LOC_STRINGS = YES;
				SWIFT_VERSION = 5.0;
				TARGETED_DEVICE_FAMILY = "1,2";
			};
			name = Debug;
		};
		3A04130429F8C51C00BBBD62 /* Release */ = {
			isa = XCBuildConfiguration;
			buildSettings = {
				ASSETCATALOG_COMPILER_APPICON_NAME = AppIcon;
				ASSETCATALOG_COMPILER_GLOBAL_ACCENT_COLOR_NAME = AccentColor;
				CODE_SIGN_STYLE = Automatic;
				CURRENT_PROJECT_VERSION = 1;
				DEVELOPMENT_ASSET_PATHS = "\"FirebaseChatSwiftUI/Preview Content\"";
				DEVELOPMENT_TEAM = KCY8Z5247K;
				ENABLE_PREVIEWS = YES;
				GENERATE_INFOPLIST_FILE = YES;
				INFOPLIST_KEY_UIApplicationSceneManifest_Generation = YES;
				INFOPLIST_KEY_UIApplicationSupportsIndirectInputEvents = YES;
				INFOPLIST_KEY_UILaunchScreen_Generation = YES;
				INFOPLIST_KEY_UISupportedInterfaceOrientations_iPad = "UIInterfaceOrientationPortrait UIInterfaceOrientationPortraitUpsideDown UIInterfaceOrientationLandscapeLeft UIInterfaceOrientationLandscapeRight";
				INFOPLIST_KEY_UISupportedInterfaceOrientations_iPhone = "UIInterfaceOrientationPortrait UIInterfaceOrientationLandscapeLeft UIInterfaceOrientationLandscapeRight";
				LD_RUNPATH_SEARCH_PATHS = (
					"$(inherited)",
					"@executable_path/Frameworks",
				);
				MARKETING_VERSION = 1.0;
				PRODUCT_BUNDLE_IDENTIFIER = com.paulorod07.FirebaseChatSwiftUI;
				PRODUCT_NAME = "$(TARGET_NAME)";
				SWIFT_EMIT_LOC_STRINGS = YES;
				SWIFT_VERSION = 5.0;
				TARGETED_DEVICE_FAMILY = "1,2";
			};
			name = Release;
		};
/* End XCBuildConfiguration section */

/* Begin XCConfigurationList section */
		3A0412EF29F8C51A00BBBD62 /* Build configuration list for PBXProject "FirebaseChatSwiftUI" */ = {
			isa = XCConfigurationList;
			buildConfigurations = (
				3A04130029F8C51C00BBBD62 /* Debug */,
				3A04130129F8C51C00BBBD62 /* Release */,
			);
			defaultConfigurationIsVisible = 0;
			defaultConfigurationName = Release;
		};
		3A04130229F8C51C00BBBD62 /* Build configuration list for PBXNativeTarget "FirebaseChatSwiftUI" */ = {
			isa = XCConfigurationList;
			buildConfigurations = (
				3A04130329F8C51C00BBBD62 /* Debug */,
				3A04130429F8C51C00BBBD62 /* Release */,
			);
			defaultConfigurationIsVisible = 0;
			defaultConfigurationName = Release;
		};
/* End XCConfigurationList section */

/* Begin XCRemoteSwiftPackageReference section */
		3AAF98A329FF186100EB400D /* XCRemoteSwiftPackageReference "firebase-ios-sdk" */ = {
			isa = XCRemoteSwiftPackageReference;
			repositoryURL = "https://github.com/firebase/firebase-ios-sdk.git";
			requirement = {
				kind = upToNextMajorVersion;
				minimumVersion = 9.0.0;
			};
		};
/* End XCRemoteSwiftPackageReference section */

/* Begin XCSwiftPackageProductDependency section */
		3AAF98A429FF186100EB400D /* FirebaseAuth */ = {
			isa = XCSwiftPackageProductDependency;
			package = 3AAF98A329FF186100EB400D /* XCRemoteSwiftPackageReference "firebase-ios-sdk" */;
			productName = FirebaseAuth;
		};
		3AAF98A629FF186100EB400D /* FirebaseStorage */ = {
			isa = XCSwiftPackageProductDependency;
			package = 3AAF98A329FF186100EB400D /* XCRemoteSwiftPackageReference "firebase-ios-sdk" */;
			productName = FirebaseStorage;
		};
/* End XCSwiftPackageProductDependency section */
	};
	rootObject = 3A0412EC29F8C51A00BBBD62 /* Project object */;
}
